
Microsoft Visual Studio Solution File, Format Version 12.00
# Visual Studio Version 16
VisualStudioVersion = 16.0.31729.503
MinimumVisualStudioVersion = 10.0.40219.1
Project("{FAE04EC0-301F-11D3-BF4B-00C04F79EFBC}") = "FinancasPessoais.Test", "FinancasPessoais.Test\FinancasPessoais.Test.csproj", "{48A2878F-2848-4F98-8AC0-2C96F8F05A97}"
EndProject
Project("{FAE04EC0-301F-11D3-BF4B-00C04F79EFBC}") = "FinancasPessoais.Data", "FinancasPessoais.Data\FinancasPessoais.Data.csproj", "{65F1C975-484D-4B2F-8CFE-C21117643CB3}"
EndProject
Project("{FAE04EC0-301F-11D3-BF4B-00C04F79EFBC}") = "FinancasPessoais.Domain", "FinancasPessoais.Domain\FinancasPessoais.Domain.csproj", "{D68C6448-03E2-43A0-BC75-92A99E4805CE}"
EndProject
Project("{FAE04EC0-301F-11D3-BF4B-00C04F79EFBC}") = "FinancasPessoais.Service", "FinancasPessoais.Service\FinancasPessoais.Service.csproj", "{33E4F626-ABEF-4764-8022-5E83BDEEBD4D}"
EndProject
Project("{FAE04EC0-301F-11D3-BF4B-00C04F79EFBC}") = "CommonHelpers", "CommonHelpers\CommonHelpers.csproj", "{9256409A-3AF8-4601-AA57-58E45CA23CBB}"
EndProject
Project("{2150E333-8FDC-42A3-9474-1A3956D46DE8}") = "WebAPI", "WebAPI", "{60D51980-9CF5-4901-9F11-4FE9CF7C85A8}"
EndProject
Project("{FAE04EC0-301F-11D3-BF4B-00C04F79EFBC}") = "FinancasPessoais.WebAPI", "FinancasPessoais.WebAPI\FinancasPessoais.WebAPI.csproj", "{708A978D-7A7E-49E8-ABCA-45E73129F726}"
EndProject
Project("{2150E333-8FDC-42A3-9474-1A3956D46DE8}") = "ExcelDocumentToolKit", "ExcelDocumentToolKit", "{6F3576D6-B84A-4E91-8C76-FB7387AF9041}"
EndProject
Project("{FAE04EC0-301F-11D3-BF4B-00C04F79EFBC}") = "ExcelDocumentToolKit.CrossCutting.Infra.OpenXml", "..\ExcelDocumentToolKit\ExcelDocumentToolKit.CrossCutting.Infra.OpenXml\ExcelDocumentToolKit.CrossCutting.Infra.OpenXml.csproj", "{32FAEABD-509E-41D5-8FBC-0043D25A77DA}"
EndProject
Project("{FAE04EC0-301F-11D3-BF4B-00C04F79EFBC}") = "ExcelDocumentToolKit.CrossCutting.Infra.Parser", "..\ExcelDocumentToolKit\ExcelDocumentToolKit.CrossCutting.Infra.Parser\ExcelDocumentToolKit.CrossCutting.Infra.Parser.csproj", "{208B7C5B-2060-49B7-BE8D-7E95873AD3BD}"
EndProject
Project("{FAE04EC0-301F-11D3-BF4B-00C04F79EFBC}") = "ExcelDocumentToolKit.Domain", "..\ExcelDocumentToolKit\ExcelDocumentToolKit.Domain\ExcelDocumentToolKit.Domain.csproj", "{F595E42F-E1CF-4E3E-9FFD-4F4D00DD8DE6}"
EndProject
Project("{2150E333-8FDC-42A3-9474-1A3956D46DE8}") = "Console", "Console", "{A3094B4B-7FB4-4289-A720-452CCAE2557B}"
EndProject
Project("{FAE04EC0-301F-11D3-BF4B-00C04F79EFBC}") = "FinancasPessoais.Console", "FinancasPessoais.Console\FinancasPessoais.Console.csproj", "{A02B4C41-E727-45B5-8D8F-3C83635B0919}"
EndProject
Project("{FAE04EC0-301F-11D3-BF4B-00C04F79EFBC}") = "FinancasPessoais.AutomizacaoGi", "FinancasPessoais.AutomizacaoGi\FinancasPessoais.AutomizacaoGi.csproj", "{A40E4CAE-436B-4393-8E5C-404ADF2AE603}"
EndProject
Global
	GlobalSection(SolutionConfigurationPlatforms) = preSolution
		Debug|Any CPU = Debug|Any CPU
		Release|Any CPU = Release|Any CPU
	EndGlobalSection
	GlobalSection(ProjectConfigurationPlatforms) = postSolution
		{48A2878F-2848-4F98-8AC0-2C96F8F05A97}.Debug|Any CPU.ActiveCfg = Debug|Any CPU
		{48A2878F-2848-4F98-8AC0-2C96F8F05A97}.Debug|Any CPU.Build.0 = Debug|Any CPU
		{48A2878F-2848-4F98-8AC0-2C96F8F05A97}.Release|Any CPU.ActiveCfg = Release|Any CPU
		{48A2878F-2848-4F98-8AC0-2C96F8F05A97}.Release|Any CPU.Build.0 = Release|Any CPU
		{65F1C975-484D-4B2F-8CFE-C21117643CB3}.Debug|Any CPU.ActiveCfg = Debug|Any CPU
		{65F1C975-484D-4B2F-8CFE-C21117643CB3}.Debug|Any CPU.Build.0 = Debug|Any CPU
		{65F1C975-484D-4B2F-8CFE-C21117643CB3}.Release|Any CPU.ActiveCfg = Release|Any CPU
		{65F1C975-484D-4B2F-8CFE-C21117643CB3}.Release|Any CPU.Build.0 = Release|Any CPU
		{D68C6448-03E2-43A0-BC75-92A99E4805CE}.Debug|Any CPU.ActiveCfg = Debug|Any CPU
		{D68C6448-03E2-43A0-BC75-92A99E4805CE}.Debug|Any CPU.Build.0 = Debug|Any CPU
		{D68C6448-03E2-43A0-BC75-92A99E4805CE}.Release|Any CPU.ActiveCfg = Release|Any CPU
		{D68C6448-03E2-43A0-BC75-92A99E4805CE}.Release|Any CPU.Build.0 = Release|Any CPU
		{33E4F626-ABEF-4764-8022-5E83BDEEBD4D}.Debug|Any CPU.ActiveCfg = Debug|Any CPU
		{33E4F626-ABEF-4764-8022-5E83BDEEBD4D}.Debug|Any CPU.Build.0 = Debug|Any CPU
		{33E4F626-ABEF-4764-8022-5E83BDEEBD4D}.Release|Any CPU.ActiveCfg = Release|Any CPU
		{33E4F626-ABEF-4764-8022-5E83BDEEBD4D}.Release|Any CPU.Build.0 = Release|Any CPU
		{9256409A-3AF8-4601-AA57-58E45CA23CBB}.Debug|Any CPU.ActiveCfg = Debug|Any CPU
		{9256409A-3AF8-4601-AA57-58E45CA23CBB}.Debug|Any CPU.Build.0 = Debug|Any CPU
		{9256409A-3AF8-4601-AA57-58E45CA23CBB}.Release|Any CPU.ActiveCfg = Release|Any CPU
		{9256409A-3AF8-4601-AA57-58E45CA23CBB}.Release|Any CPU.Build.0 = Release|Any CPU
		{708A978D-7A7E-49E8-ABCA-45E73129F726}.Debug|Any CPU.ActiveCfg = Debug|Any CPU
		{708A978D-7A7E-49E8-ABCA-45E73129F726}.Debug|Any CPU.Build.0 = Debug|Any CPU
		{708A978D-7A7E-49E8-ABCA-45E73129F726}.Release|Any CPU.ActiveCfg = Release|Any CPU
		{708A978D-7A7E-49E8-ABCA-45E73129F726}.Release|Any CPU.Build.0 = Release|Any CPU
		{32FAEABD-509E-41D5-8FBC-0043D25A77DA}.Debug|Any CPU.ActiveCfg = Debug|Any CPU
		{32FAEABD-509E-41D5-8FBC-0043D25A77DA}.Debug|Any CPU.Build.0 = Debug|Any CPU
		{32FAEABD-509E-41D5-8FBC-0043D25A77DA}.Release|Any CPU.ActiveCfg = Release|Any CPU
		{32FAEABD-509E-41D5-8FBC-0043D25A77DA}.Release|Any CPU.Build.0 = Release|Any CPU
		{208B7C5B-2060-49B7-BE8D-7E95873AD3BD}.Debug|Any CPU.ActiveCfg = Debug|Any CPU
		{208B7C5B-2060-49B7-BE8D-7E95873AD3BD}.Debug|Any CPU.Build.0 = Debug|Any CPU
		{208B7C5B-2060-49B7-BE8D-7E95873AD3BD}.Release|Any CPU.ActiveCfg = Release|Any CPU
		{208B7C5B-2060-49B7-BE8D-7E95873AD3BD}.Release|Any CPU.Build.0 = Release|Any CPU
		{F595E42F-E1CF-4E3E-9FFD-4F4D00DD8DE6}.Debug|Any CPU.ActiveCfg = Debug|Any CPU
		{F595E42F-E1CF-4E3E-9FFD-4F4D00DD8DE6}.Debug|Any CPU.Build.0 = Debug|Any CPU
		{F595E42F-E1CF-4E3E-9FFD-4F4D00DD8DE6}.Release|Any CPU.ActiveCfg = Release|Any CPU
		{F595E42F-E1CF-4E3E-9FFD-4F4D00DD8DE6}.Release|Any CPU.Build.0 = Release|Any CPU
		{A02B4C41-E727-45B5-8D8F-3C83635B0919}.Debug|Any CPU.ActiveCfg = Debug|Any CPU
		{A02B4C41-E727-45B5-8D8F-3C83635B0919}.Debug|Any CPU.Build.0 = Debug|Any CPU
		{A02B4C41-E727-45B5-8D8F-3C83635B0919}.Release|Any CPU.ActiveCfg = Release|Any CPU
		{A02B4C41-E727-45B5-8D8F-3C83635B0919}.Release|Any CPU.Build.0 = Release|Any CPU
		{A40E4CAE-436B-4393-8E5C-404ADF2AE603}.Debug|Any CPU.ActiveCfg = Debug|Any CPU
		{A40E4CAE-436B-4393-8E5C-404ADF2AE603}.Debug|Any CPU.Build.0 = Debug|Any CPU
		{A40E4CAE-436B-4393-8E5C-404ADF2AE603}.Release|Any CPU.ActiveCfg = Release|Any CPU
		{A40E4CAE-436B-4393-8E5C-404ADF2AE603}.Release|Any CPU.Build.0 = Release|Any CPU
	EndGlobalSection
	GlobalSection(SolutionProperties) = preSolution
		HideSolutionNode = FALSE
	EndGlobalSection
	GlobalSection(NestedProjects) = preSolution
		{708A978D-7A7E-49E8-ABCA-45E73129F726} = {60D51980-9CF5-4901-9F11-4FE9CF7C85A8}
		{32FAEABD-509E-41D5-8FBC-0043D25A77DA} = {6F3576D6-B84A-4E91-8C76-FB7387AF9041}
		{208B7C5B-2060-49B7-BE8D-7E95873AD3BD} = {6F3576D6-B84A-4E91-8C76-FB7387AF9041}
		{F595E42F-E1CF-4E3E-9FFD-4F4D00DD8DE6} = {6F3576D6-B84A-4E91-8C76-FB7387AF9041}
		{A02B4C41-E727-45B5-8D8F-3C83635B0919} = {A3094B4B-7FB4-4289-A720-452CCAE2557B}
		{A40E4CAE-436B-4393-8E5C-404ADF2AE603} = {A3094B4B-7FB4-4289-A720-452CCAE2557B}
	EndGlobalSection
	GlobalSection(ExtensibilityGlobals) = postSolution
		SolutionGuid = {7E5297DA-0D1A-4EBE-A2C2-8553374C318C}
	EndGlobalSection
EndGlobal
